
Microsoft Visual Studio Solution File, Format Version 12.00
# Visual Studio Version 16
VisualStudioVersion = 16.0.29201.188
MinimumVisualStudioVersion = 10.0.40219.1
Project("{8BC9CEB8-8B4A-11D0-8D11-00A0C91BC942}") = "QQProtectUdpInspector", "QQProtectUdpInspector.vcxproj", "{C5D9A6E1-15A3-4EC5-B1FE-FE62F59F1CA2}"
EndProject
Global
	GlobalSection(SolutionConfigurationPlatforms) = preSolution
		Debug|x64 = Debug|x64
		Debug|x86 = Debug|x86
		Release|x64 = Release|x64
		Release|x86 = Release|x86
	EndGlobalSection
	GlobalSection(ProjectConfigurationPlatforms) = postSolution
		{C5D9A6E1-15A3-4EC5-B1FE-FE62F59F1CA2}.Debug|x64.ActiveCfg = Debug|x64
		{C5D9A6E1-15A3-4EC5-B1FE-FE62F59F1CA2}.Debug|x64.Build.0 = Debug|x64
		{C5D9A6E1-15A3-4EC5-B1FE-FE62F59F1CA2}.Debug|x86.ActiveCfg = Debug|Win32
		{C5D9A6E1-15A3-4EC5-B1FE-FE62F59F1CA2}.Debug|x86.Build.0 = Debug|Win32
		{C5D9A6E1-15A3-4EC5-B1FE-FE62F59F1CA2}.Release|x64.ActiveCfg = Release|x64
		{C5D9A6E1-15A3-4EC5-B1FE-FE62F59F1CA2}.Release|x64.Build.0 = Release|x64
		{C5D9A6E1-15A3-4EC5-B1FE-FE62F59F1CA2}.Release|x86.ActiveCfg = Release|Win32
		{C5D9A6E1-15A3-4EC5-B1FE-FE62F59F1CA2}.Release|x86.Build.0 = Release|Win32
	EndGlobalSection
	GlobalSection(SolutionProperties) = preSolution
		HideSolutionNode = FALSE
	EndGlobalSection
	GlobalSection(ExtensibilityGlobals) = postSolution
		SolutionGuid = {7E07B879-3680-4913-982A-68354354FF28}
	EndGlobalSection
EndGlobal
